
Microsoft Visual Studio Solution File, Format Version 12.00
Project("{2150E333-8FDC-42A3-9474-1A3956D46DE8}") = "Scripts", "Scripts", "{4199076A-414E-4573-BB2F-AD641DA895C8}"
EndProject
Project("{2150E333-8FDC-42A3-9474-1A3956D46DE8}") = "Solution Items", "Solution Items", "{32985358-4EEF-4933-8EC5-51A3240BA794}"
	ProjectSection(SolutionItems) = preProject
		compose.yaml = compose.yaml
	EndProjectSection
EndProject
Project("{2150E333-8FDC-42A3-9474-1A3956D46DE8}") = "src", "src", "{0E709B4F-3094-41E1-BD2A-25FE0725A62B}"
EndProject
Project("{2150E333-8FDC-42A3-9474-1A3956D46DE8}") = "Services", "Services", "{C4A26A3C-4891-45DA-8F83-506BAC7E4F94}"
EndProject
Project("{2150E333-8FDC-42A3-9474-1A3956D46DE8}") = "Authentications", "Authentications", "{B79EA2B1-2FF3-468B-8B61-0E3BB92B6DFF}"
EndProject
Project("{2150E333-8FDC-42A3-9474-1A3956D46DE8}") = "Businesses", "Businesses", "{42A11F08-E4EC-4FDE-AFFB-A7E9A93CCB31}"
EndProject
Project("{FAE04EC0-301F-11D3-BF4B-00C04F79EFBC}") = "Authentication.Api", "src\Services\Authentications\Authentication.Api\Authentication.Api.csproj", "{F4832A38-7C25-4E93-8DEA-6C89BFB44237}"
EndProject
Project("{FAE04EC0-301F-11D3-BF4B-00C04F79EFBC}") = "Authentication.Application", "src\Services\Authentications\Authentication.Application\Authentication.Application.csproj", "{6F54F19B-2370-4E31-BD1A-C615E490683F}"
EndProject
Project("{FAE04EC0-301F-11D3-BF4B-00C04F79EFBC}") = "Authentication.Domain", "src\Services\Authentications\Authentication.Domain\Authentication.Domain.csproj", "{BFF439B9-87A4-4948-9D69-0236B4543E19}"
EndProject
Project("{FAE04EC0-301F-11D3-BF4B-00C04F79EFBC}") = "Authentication.Infrastructure", "src\Services\Authentications\Authentication.Infrastructure\Authentication.Infrastructure.csproj", "{79277724-BEE5-443A-9DA9-6B598ECDF1C3}"
EndProject
Project("{2150E333-8FDC-42A3-9474-1A3956D46DE8}") = "Shared", "Shared", "{112EA1C1-AC7D-409E-B382-D4584DF6F2BF}"
EndProject
Project("{FAE04EC0-301F-11D3-BF4B-00C04F79EFBC}") = "Haven.Api", "src\Services\Businesses\Haven.Api\Haven.Api.csproj", "{AFF9D3B1-EF68-4DFF-B9B9-8F430C8DE8FB}"
EndProject
Project("{FAE04EC0-301F-11D3-BF4B-00C04F79EFBC}") = "Haven.Application", "src\Services\Businesses\Haven.Application\Haven.Application.csproj", "{77D6A14D-9E7D-4062-827E-045A89A7AEC9}"
EndProject
Project("{FAE04EC0-301F-11D3-BF4B-00C04F79EFBC}") = "Haven.Domain", "src\Services\Businesses\Haven.Domain\Haven.Domain.csproj", "{BB5822F7-E0B4-450C-9574-7DD9542DE740}"
EndProject
Project("{FAE04EC0-301F-11D3-BF4B-00C04F79EFBC}") = "Haven.Infrastructure", "src\Services\Businesses\Haven.Infrastructure\Haven.Infrastructure.csproj", "{13707A2E-641B-4504-9DC0-D78865998D0E}"
EndProject
Project("{FAE04EC0-301F-11D3-BF4B-00C04F79EFBC}") = "Be.Haven.ApiCommon", "src\Shared\Be.Haven.ApiCommon\Be.Haven.ApiCommon.csproj", "{962135F5-ECE0-4F58-B31D-E56E6687B752}"
EndProject
Project("{FAE04EC0-301F-11D3-BF4B-00C04F79EFBC}") = "Be.Haven.Cache", "src\Shared\Be.Haven.Cache\Be.Haven.Cache.csproj", "{61F4C0EC-475F-40DC-AD73-BD81B717C6F1}"
EndProject
Project("{FAE04EC0-301F-11D3-BF4B-00C04F79EFBC}") = "Be.Haven.Core", "src\Shared\Be.Haven.Core\Be.Haven.Core.csproj", "{FFC7CE87-9984-4732-B673-1604636F206C}"
EndProject
Project("{FAE04EC0-301F-11D3-BF4B-00C04F79EFBC}") = "Be.Haven.EventBus", "src\Shared\Be.Haven.EventBus\Be.Haven.EventBus.csproj", "{F490AFA5-8B21-4A00-8615-3A9FA34A8079}"
EndProject
Project("{FAE04EC0-301F-11D3-BF4B-00C04F79EFBC}") = "Be.Haven.Shared", "src\Shared\Be.Haven.Shared\Be.Haven.Shared.csproj", "{2B947540-F03C-4ECC-9517-611CF1FDC206}"
EndProject
Global
	GlobalSection(SolutionConfigurationPlatforms) = preSolution
		Debug|Any CPU = Debug|Any CPU
		Release|Any CPU = Release|Any CPU
	EndGlobalSection
	GlobalSection(ProjectConfigurationPlatforms) = postSolution
		{F4832A38-7C25-4E93-8DEA-6C89BFB44237}.Debug|Any CPU.ActiveCfg = Debug|Any CPU
		{F4832A38-7C25-4E93-8DEA-6C89BFB44237}.Debug|Any CPU.Build.0 = Debug|Any CPU
		{F4832A38-7C25-4E93-8DEA-6C89BFB44237}.Release|Any CPU.ActiveCfg = Release|Any CPU
		{F4832A38-7C25-4E93-8DEA-6C89BFB44237}.Release|Any CPU.Build.0 = Release|Any CPU
		{6F54F19B-2370-4E31-BD1A-C615E490683F}.Debug|Any CPU.ActiveCfg = Debug|Any CPU
		{6F54F19B-2370-4E31-BD1A-C615E490683F}.Debug|Any CPU.Build.0 = Debug|Any CPU
		{6F54F19B-2370-4E31-BD1A-C615E490683F}.Release|Any CPU.ActiveCfg = Release|Any CPU
		{6F54F19B-2370-4E31-BD1A-C615E490683F}.Release|Any CPU.Build.0 = Release|Any CPU
		{BFF439B9-87A4-4948-9D69-0236B4543E19}.Debug|Any CPU.ActiveCfg = Debug|Any CPU
		{BFF439B9-87A4-4948-9D69-0236B4543E19}.Debug|Any CPU.Build.0 = Debug|Any CPU
		{BFF439B9-87A4-4948-9D69-0236B4543E19}.Release|Any CPU.ActiveCfg = Release|Any CPU
		{BFF439B9-87A4-4948-9D69-0236B4543E19}.Release|Any CPU.Build.0 = Release|Any CPU
		{79277724-BEE5-443A-9DA9-6B598ECDF1C3}.Debug|Any CPU.ActiveCfg = Debug|Any CPU
		{79277724-BEE5-443A-9DA9-6B598ECDF1C3}.Debug|Any CPU.Build.0 = Debug|Any CPU
		{79277724-BEE5-443A-9DA9-6B598ECDF1C3}.Release|Any CPU.ActiveCfg = Release|Any CPU
		{79277724-BEE5-443A-9DA9-6B598ECDF1C3}.Release|Any CPU.Build.0 = Release|Any CPU
		{AFF9D3B1-EF68-4DFF-B9B9-8F430C8DE8FB}.Debug|Any CPU.ActiveCfg = Debug|Any CPU
		{AFF9D3B1-EF68-4DFF-B9B9-8F430C8DE8FB}.Debug|Any CPU.Build.0 = Debug|Any CPU
		{AFF9D3B1-EF68-4DFF-B9B9-8F430C8DE8FB}.Release|Any CPU.ActiveCfg = Release|Any CPU
		{AFF9D3B1-EF68-4DFF-B9B9-8F430C8DE8FB}.Release|Any CPU.Build.0 = Release|Any CPU
		{77D6A14D-9E7D-4062-827E-045A89A7AEC9}.Debug|Any CPU.ActiveCfg = Debug|Any CPU
		{77D6A14D-9E7D-4062-827E-045A89A7AEC9}.Debug|Any CPU.Build.0 = Debug|Any CPU
		{77D6A14D-9E7D-4062-827E-045A89A7AEC9}.Release|Any CPU.ActiveCfg = Release|Any CPU
		{77D6A14D-9E7D-4062-827E-045A89A7AEC9}.Release|Any CPU.Build.0 = Release|Any CPU
		{BB5822F7-E0B4-450C-9574-7DD9542DE740}.Debug|Any CPU.ActiveCfg = Debug|Any CPU
		{BB5822F7-E0B4-450C-9574-7DD9542DE740}.Debug|Any CPU.Build.0 = Debug|Any CPU
		{BB5822F7-E0B4-450C-9574-7DD9542DE740}.Release|Any CPU.ActiveCfg = Release|Any CPU
		{BB5822F7-E0B4-450C-9574-7DD9542DE740}.Release|Any CPU.Build.0 = Release|Any CPU
		{13707A2E-641B-4504-9DC0-D78865998D0E}.Debug|Any CPU.ActiveCfg = Debug|Any CPU
		{13707A2E-641B-4504-9DC0-D78865998D0E}.Debug|Any CPU.Build.0 = Debug|Any CPU
		{13707A2E-641B-4504-9DC0-D78865998D0E}.Release|Any CPU.ActiveCfg = Release|Any CPU
		{13707A2E-641B-4504-9DC0-D78865998D0E}.Release|Any CPU.Build.0 = Release|Any CPU
		{962135F5-ECE0-4F58-B31D-E56E6687B752}.Debug|Any CPU.ActiveCfg = Debug|Any CPU
		{962135F5-ECE0-4F58-B31D-E56E6687B752}.Debug|Any CPU.Build.0 = Debug|Any CPU
		{962135F5-ECE0-4F58-B31D-E56E6687B752}.Release|Any CPU.ActiveCfg = Release|Any CPU
		{962135F5-ECE0-4F58-B31D-E56E6687B752}.Release|Any CPU.Build.0 = Release|Any CPU
		{61F4C0EC-475F-40DC-AD73-BD81B717C6F1}.Debug|Any CPU.ActiveCfg = Debug|Any CPU
		{61F4C0EC-475F-40DC-AD73-BD81B717C6F1}.Debug|Any CPU.Build.0 = Debug|Any CPU
		{61F4C0EC-475F-40DC-AD73-BD81B717C6F1}.Release|Any CPU.ActiveCfg = Release|Any CPU
		{61F4C0EC-475F-40DC-AD73-BD81B717C6F1}.Release|Any CPU.Build.0 = Release|Any CPU
		{FFC7CE87-9984-4732-B673-1604636F206C}.Debug|Any CPU.ActiveCfg = Debug|Any CPU
		{FFC7CE87-9984-4732-B673-1604636F206C}.Debug|Any CPU.Build.0 = Debug|Any CPU
		{FFC7CE87-9984-4732-B673-1604636F206C}.Release|Any CPU.ActiveCfg = Release|Any CPU
		{FFC7CE87-9984-4732-B673-1604636F206C}.Release|Any CPU.Build.0 = Release|Any CPU
		{F490AFA5-8B21-4A00-8615-3A9FA34A8079}.Debug|Any CPU.ActiveCfg = Debug|Any CPU
		{F490AFA5-8B21-4A00-8615-3A9FA34A8079}.Debug|Any CPU.Build.0 = Debug|Any CPU
		{F490AFA5-8B21-4A00-8615-3A9FA34A8079}.Release|Any CPU.ActiveCfg = Release|Any CPU
		{F490AFA5-8B21-4A00-8615-3A9FA34A8079}.Release|Any CPU.Build.0 = Release|Any CPU
		{2B947540-F03C-4ECC-9517-611CF1FDC206}.Debug|Any CPU.ActiveCfg = Debug|Any CPU
		{2B947540-F03C-4ECC-9517-611CF1FDC206}.Debug|Any CPU.Build.0 = Debug|Any CPU
		{2B947540-F03C-4ECC-9517-611CF1FDC206}.Release|Any CPU.ActiveCfg = Release|Any CPU
		{2B947540-F03C-4ECC-9517-611CF1FDC206}.Release|Any CPU.Build.0 = Release|Any CPU
	EndGlobalSection
	GlobalSection(NestedProjects) = preSolution
		{C4A26A3C-4891-45DA-8F83-506BAC7E4F94} = {0E709B4F-3094-41E1-BD2A-25FE0725A62B}
		{B79EA2B1-2FF3-468B-8B61-0E3BB92B6DFF} = {C4A26A3C-4891-45DA-8F83-506BAC7E4F94}
		{42A11F08-E4EC-4FDE-AFFB-A7E9A93CCB31} = {C4A26A3C-4891-45DA-8F83-506BAC7E4F94}
		{F4832A38-7C25-4E93-8DEA-6C89BFB44237} = {B79EA2B1-2FF3-468B-8B61-0E3BB92B6DFF}
		{6F54F19B-2370-4E31-BD1A-C615E490683F} = {B79EA2B1-2FF3-468B-8B61-0E3BB92B6DFF}
		{BFF439B9-87A4-4948-9D69-0236B4543E19} = {B79EA2B1-2FF3-468B-8B61-0E3BB92B6DFF}
		{79277724-BEE5-443A-9DA9-6B598ECDF1C3} = {B79EA2B1-2FF3-468B-8B61-0E3BB92B6DFF}
		{112EA1C1-AC7D-409E-B382-D4584DF6F2BF} = {0E709B4F-3094-41E1-BD2A-25FE0725A62B}
		{AFF9D3B1-EF68-4DFF-B9B9-8F430C8DE8FB} = {42A11F08-E4EC-4FDE-AFFB-A7E9A93CCB31}
		{77D6A14D-9E7D-4062-827E-045A89A7AEC9} = {42A11F08-E4EC-4FDE-AFFB-A7E9A93CCB31}
		{BB5822F7-E0B4-450C-9574-7DD9542DE740} = {42A11F08-E4EC-4FDE-AFFB-A7E9A93CCB31}
		{13707A2E-641B-4504-9DC0-D78865998D0E} = {42A11F08-E4EC-4FDE-AFFB-A7E9A93CCB31}
		{962135F5-ECE0-4F58-B31D-E56E6687B752} = {112EA1C1-AC7D-409E-B382-D4584DF6F2BF}
		{61F4C0EC-475F-40DC-AD73-BD81B717C6F1} = {112EA1C1-AC7D-409E-B382-D4584DF6F2BF}
		{FFC7CE87-9984-4732-B673-1604636F206C} = {112EA1C1-AC7D-409E-B382-D4584DF6F2BF}
		{F490AFA5-8B21-4A00-8615-3A9FA34A8079} = {112EA1C1-AC7D-409E-B382-D4584DF6F2BF}
		{2B947540-F03C-4ECC-9517-611CF1FDC206} = {112EA1C1-AC7D-409E-B382-D4584DF6F2BF}
	EndGlobalSection
EndGlobal
